
Microsoft Visual Studio Solution File, Format Version 12.00
# Visual Studio Version 17
VisualStudioVersion = 17.3.32901.215
MinimumVisualStudioVersion = 10.0.40219.1
Project("{9A19103F-16F7-4668-BE54-9A1E7A4F7556}") = "prakticode2", "prakticode2\prakticode2.csproj", "{AE799883-A2B3-4027-8616-1261DE8FD01E}"
EndProject
Global
	GlobalSection(SolutionConfigurationPlatforms) = preSolution
		Debug|Any CPU = Debug|Any CPU
		Release|Any CPU = Release|Any CPU
	EndGlobalSection
	GlobalSection(ProjectConfigurationPlatforms) = postSolution
		{AE799883-A2B3-4027-8616-1261DE8FD01E}.Debug|Any CPU.ActiveCfg = Debug|Any CPU
		{AE799883-A2B3-4027-8616-1261DE8FD01E}.Debug|Any CPU.Build.0 = Debug|Any CPU
		{AE799883-A2B3-4027-8616-1261DE8FD01E}.Release|Any CPU.ActiveCfg = Release|Any CPU
		{AE799883-A2B3-4027-8616-1261DE8FD01E}.Release|Any CPU.Build.0 = Release|Any CPU
	EndGlobalSection
	GlobalSection(SolutionProperties) = preSolution
		HideSolutionNode = FALSE
	EndGlobalSection
	GlobalSection(ExtensibilityGlobals) = postSolution
		SolutionGuid = {718BD402-9BAF-4EB4-9661-6439A3ED0651}
	EndGlobalSection
EndGlobal
